
Microsoft Visual Studio Solution File, Format Version 12.00
# Visual Studio Version 16
VisualStudioVersion = 16.0.29709.97
MinimumVisualStudioVersion = 10.0.40219.1
Project("{9A19103F-16F7-4668-BE54-9A1E7A4F7556}") = "UltraMapper", "UltraMapper\UltraMapper.csproj", "{34E9592B-27F8-45BC-BE54-F90BD125B4E2}"
EndProject
Project("{2150E333-8FDC-42A3-9474-1A3956D46DE8}") = "Solution Items", "Solution Items", "{1A5DCC8D-E59E-4052-8A69-8CB1362A2A9A}"
	ProjectSection(SolutionItems) = preProject
		appveyor.yml = appveyor.yml
	EndProjectSection
EndProject
Project("{FAE04EC0-301F-11D3-BF4B-00C04F79EFBC}") = "UltraMapper.Tests", "UltraMapper.Tests\UltraMapper.Tests.csproj", "{015B5673-7B32-48E3-A1A9-831ED754E9CF}"
EndProject
Global
	GlobalSection(SolutionConfigurationPlatforms) = preSolution
		Debug|Any CPU = Debug|Any CPU
		Release|Any CPU = Release|Any CPU
	EndGlobalSection
	GlobalSection(ProjectConfigurationPlatforms) = postSolution
		{34E9592B-27F8-45BC-BE54-F90BD125B4E2}.Debug|Any CPU.ActiveCfg = Debug|Any CPU
		{34E9592B-27F8-45BC-BE54-F90BD125B4E2}.Debug|Any CPU.Build.0 = Debug|Any CPU
		{34E9592B-27F8-45BC-BE54-F90BD125B4E2}.Release|Any CPU.ActiveCfg = Release|Any CPU
		{34E9592B-27F8-45BC-BE54-F90BD125B4E2}.Release|Any CPU.Build.0 = Release|Any CPU
		{015B5673-7B32-48E3-A1A9-831ED754E9CF}.Debug|Any CPU.ActiveCfg = Debug|Any CPU
		{015B5673-7B32-48E3-A1A9-831ED754E9CF}.Debug|Any CPU.Build.0 = Debug|Any CPU
		{015B5673-7B32-48E3-A1A9-831ED754E9CF}.Release|Any CPU.ActiveCfg = Release|Any CPU
		{015B5673-7B32-48E3-A1A9-831ED754E9CF}.Release|Any CPU.Build.0 = Release|Any CPU
	EndGlobalSection
	GlobalSection(SolutionProperties) = preSolution
		HideSolutionNode = FALSE
	EndGlobalSection
	GlobalSection(ExtensibilityGlobals) = postSolution
		SolutionGuid = {869DBDB7-A9D0-40AD-9B1C-F7BA19A2EB63}
	EndGlobalSection
EndGlobal
